// !$*UTF8*$!
{
	archiveVersion = 1;
	classes = {
	};
	objectVersion = 46;
	objects = {

/* Begin PBXBuildFile section */
		073F7B7E21D42B45318ABD64 /* Pods_quecomemosTests.framework in Frameworks */ = {isa = PBXBuildFile; fileRef = A6FC6E24F806CB4A3A9CB581 /* Pods_quecomemosTests.framework */; };
		239A30E92BA7652A32962741 /* Pods_quecomemos.framework in Frameworks */ = {isa = PBXBuildFile; fileRef = 81070753539DA1AFC6BCF7E7 /* Pods_quecomemos.framework */; };
		C80F13891DBF00B400E139D0 /* MealTableViewController.swift in Sources */ = {isa = PBXBuildFile; fileRef = C80F13881DBF00B400E139D0 /* MealTableViewController.swift */; };
		C815ED0A207AA42E005D6830 /* MealModel.swift in Sources */ = {isa = PBXBuildFile; fileRef = C815ED09207AA42E005D6830 /* MealModel.swift */; };
		C815ED0C207AB7C0005D6830 /* DiceViewModel.swift in Sources */ = {isa = PBXBuildFile; fileRef = C815ED0B207AB7C0005D6830 /* DiceViewModel.swift */; };
		C82E377E1DB06DF100AF0F6C /* AppDelegate.swift in Sources */ = {isa = PBXBuildFile; fileRef = C82E377D1DB06DF100AF0F6C /* AppDelegate.swift */; };
		C82E37801DB06DF100AF0F6C /* ABMMealViewController.swift in Sources */ = {isa = PBXBuildFile; fileRef = C82E377F1DB06DF100AF0F6C /* ABMMealViewController.swift */; };
		C82E37831DB06DF100AF0F6C /* Main.storyboard in Resources */ = {isa = PBXBuildFile; fileRef = C82E37811DB06DF100AF0F6C /* Main.storyboard */; };
		C82E37851DB06DF100AF0F6C /* Assets.xcassets in Resources */ = {isa = PBXBuildFile; fileRef = C82E37841DB06DF100AF0F6C /* Assets.xcassets */; };
		C82E37881DB06DF100AF0F6C /* LaunchScreen.storyboard in Resources */ = {isa = PBXBuildFile; fileRef = C82E37861DB06DF100AF0F6C /* LaunchScreen.storyboard */; };
		C82E37931DB06DF100AF0F6C /* quecomemosTests.swift in Sources */ = {isa = PBXBuildFile; fileRef = C82E37921DB06DF100AF0F6C /* quecomemosTests.swift */; };
		C833534D1E5E8B2F002EFDC1 /* ModalMealViewController.swift in Sources */ = {isa = PBXBuildFile; fileRef = C833534C1E5E8B2F002EFDC1 /* ModalMealViewController.swift */; };
		C84474EC1DB5CF42001C33FF /* Meal.swift in Sources */ = {isa = PBXBuildFile; fileRef = C84474EB1DB5CF42001C33FF /* Meal.swift */; };
		C8556ABA2076F9CF00C35B04 /* MealRepository.swift in Sources */ = {isa = PBXBuildFile; fileRef = C8556AB92076F9CF00C35B04 /* MealRepository.swift */; };
		C8BBD9211DE297970025D8E1 /* DiceViewController.swift in Sources */ = {isa = PBXBuildFile; fileRef = C8BBD9201DE297970025D8E1 /* DiceViewController.swift */; };
		C8BF51282076FBE20041794E /* BaseViewController.swift in Sources */ = {isa = PBXBuildFile; fileRef = C8BF51272076FBE20041794E /* BaseViewController.swift */; };
		C8BF512A2076FCA50041794E /* InMemoryMealRepository.swift in Sources */ = {isa = PBXBuildFile; fileRef = C8BF51292076FCA50041794E /* InMemoryMealRepository.swift */; };
		C8BF512C207702DE0041794E /* GoogleService-Info.plist in Resources */ = {isa = PBXBuildFile; fileRef = C8BF512B207702DE0041794E /* GoogleService-Info.plist */; };
		C8BF512E2077036D0041794E /* FindAllMeals.swift in Sources */ = {isa = PBXBuildFile; fileRef = C8BF512D2077036D0041794E /* FindAllMeals.swift */; };
		C8BF5130207708A70041794E /* DeleteMeal.swift in Sources */ = {isa = PBXBuildFile; fileRef = C8BF512F207708A70041794E /* DeleteMeal.swift */; };
		C8BF5132207708D20041794E /* BaseAction.swift in Sources */ = {isa = PBXBuildFile; fileRef = C8BF5131207708D20041794E /* BaseAction.swift */; };
		C8BF513420770A690041794E /* UpdateMeal.swift in Sources */ = {isa = PBXBuildFile; fileRef = C8BF513320770A690041794E /* UpdateMeal.swift */; };
		C8BF513620770B290041794E /* CreateMeal.swift in Sources */ = {isa = PBXBuildFile; fileRef = C8BF513520770B290041794E /* CreateMeal.swift */; };
/* End PBXBuildFile section */

/* Begin PBXContainerItemProxy section */
		C82E378F1DB06DF100AF0F6C /* PBXContainerItemProxy */ = {
			isa = PBXContainerItemProxy;
			containerPortal = C82E37721DB06DF000AF0F6C /* Project object */;
			proxyType = 1;
			remoteGlobalIDString = C82E37791DB06DF100AF0F6C;
			remoteInfo = quecomemos;
		};
/* End PBXContainerItemProxy section */

/* Begin PBXFileReference section */
		3CA9F4764F6383009ECB863F /* Pods-quecomemos.debug.xcconfig */ = {isa = PBXFileReference; includeInIndex = 1; lastKnownFileType = text.xcconfig; name = "Pods-quecomemos.debug.xcconfig"; path = "Pods/Target Support Files/Pods-quecomemos/Pods-quecomemos.debug.xcconfig"; sourceTree = "<group>"; };
		6B7FAD27524273A9075F119B /* Pods-quecomemosTests.debug.xcconfig */ = {isa = PBXFileReference; includeInIndex = 1; lastKnownFileType = text.xcconfig; name = "Pods-quecomemosTests.debug.xcconfig"; path = "Pods/Target Support Files/Pods-quecomemosTests/Pods-quecomemosTests.debug.xcconfig"; sourceTree = "<group>"; };
		81070753539DA1AFC6BCF7E7 /* Pods_quecomemos.framework */ = {isa = PBXFileReference; explicitFileType = wrapper.framework; includeInIndex = 0; path = Pods_quecomemos.framework; sourceTree = BUILT_PRODUCTS_DIR; };
		8B67AAA5A165D157FF54AF3B /* Pods-quecomemos.release.xcconfig */ = {isa = PBXFileReference; includeInIndex = 1; lastKnownFileType = text.xcconfig; name = "Pods-quecomemos.release.xcconfig"; path = "Pods/Target Support Files/Pods-quecomemos/Pods-quecomemos.release.xcconfig"; sourceTree = "<group>"; };
		A6FC6E24F806CB4A3A9CB581 /* Pods_quecomemosTests.framework */ = {isa = PBXFileReference; explicitFileType = wrapper.framework; includeInIndex = 0; path = Pods_quecomemosTests.framework; sourceTree = BUILT_PRODUCTS_DIR; };
		C80F13881DBF00B400E139D0 /* MealTableViewController.swift */ = {isa = PBXFileReference; fileEncoding = 4; lastKnownFileType = sourcecode.swift; path = MealTableViewController.swift; sourceTree = "<group>"; };
		C815ED09207AA42E005D6830 /* MealModel.swift */ = {isa = PBXFileReference; lastKnownFileType = sourcecode.swift; path = MealModel.swift; sourceTree = "<group>"; };
		C815ED0B207AB7C0005D6830 /* DiceViewModel.swift */ = {isa = PBXFileReference; lastKnownFileType = sourcecode.swift; path = DiceViewModel.swift; sourceTree = "<group>"; };
		C82E377A1DB06DF100AF0F6C /* quecomemos.app */ = {isa = PBXFileReference; explicitFileType = wrapper.application; includeInIndex = 0; path = quecomemos.app; sourceTree = BUILT_PRODUCTS_DIR; };
		C82E377D1DB06DF100AF0F6C /* AppDelegate.swift */ = {isa = PBXFileReference; lastKnownFileType = sourcecode.swift; path = AppDelegate.swift; sourceTree = "<group>"; };
		C82E377F1DB06DF100AF0F6C /* ABMMealViewController.swift */ = {isa = PBXFileReference; lastKnownFileType = sourcecode.swift; path = ABMMealViewController.swift; sourceTree = "<group>"; };
		C82E37821DB06DF100AF0F6C /* Base */ = {isa = PBXFileReference; lastKnownFileType = file.storyboard; name = Base; path = Base.lproj/Main.storyboard; sourceTree = "<group>"; };
		C82E37841DB06DF100AF0F6C /* Assets.xcassets */ = {isa = PBXFileReference; lastKnownFileType = folder.assetcatalog; path = Assets.xcassets; sourceTree = "<group>"; };
		C82E37871DB06DF100AF0F6C /* Base */ = {isa = PBXFileReference; lastKnownFileType = file.storyboard; name = Base; path = Base.lproj/LaunchScreen.storyboard; sourceTree = "<group>"; };
		C82E37891DB06DF100AF0F6C /* Info.plist */ = {isa = PBXFileReference; lastKnownFileType = text.plist.xml; path = Info.plist; sourceTree = "<group>"; };
		C82E378E1DB06DF100AF0F6C /* quecomemosTests.xctest */ = {isa = PBXFileReference; explicitFileType = wrapper.cfbundle; includeInIndex = 0; path = quecomemosTests.xctest; sourceTree = BUILT_PRODUCTS_DIR; };
		C82E37921DB06DF100AF0F6C /* quecomemosTests.swift */ = {isa = PBXFileReference; lastKnownFileType = sourcecode.swift; path = quecomemosTests.swift; sourceTree = "<group>"; };
		C82E37941DB06DF100AF0F6C /* Info.plist */ = {isa = PBXFileReference; lastKnownFileType = text.plist.xml; path = Info.plist; sourceTree = "<group>"; };
		C833534C1E5E8B2F002EFDC1 /* ModalMealViewController.swift */ = {isa = PBXFileReference; fileEncoding = 4; lastKnownFileType = sourcecode.swift; path = ModalMealViewController.swift; sourceTree = "<group>"; };
		C84474EB1DB5CF42001C33FF /* Meal.swift */ = {isa = PBXFileReference; fileEncoding = 4; lastKnownFileType = sourcecode.swift; path = Meal.swift; sourceTree = "<group>"; };
		C8556AB92076F9CF00C35B04 /* MealRepository.swift */ = {isa = PBXFileReference; lastKnownFileType = sourcecode.swift; path = MealRepository.swift; sourceTree = "<group>"; };
		C8BBD9201DE297970025D8E1 /* DiceViewController.swift */ = {isa = PBXFileReference; fileEncoding = 4; lastKnownFileType = sourcecode.swift; path = DiceViewController.swift; sourceTree = "<group>"; };
		C8BF51272076FBE20041794E /* BaseViewController.swift */ = {isa = PBXFileReference; lastKnownFileType = sourcecode.swift; path = BaseViewController.swift; sourceTree = "<group>"; };
		C8BF51292076FCA50041794E /* InMemoryMealRepository.swift */ = {isa = PBXFileReference; lastKnownFileType = sourcecode.swift; path = InMemoryMealRepository.swift; sourceTree = "<group>"; };
		C8BF512B207702DE0041794E /* GoogleService-Info.plist */ = {isa = PBXFileReference; fileEncoding = 4; lastKnownFileType = text.plist.xml; path = "GoogleService-Info.plist"; sourceTree = "<group>"; };
		C8BF512D2077036D0041794E /* FindAllMeals.swift */ = {isa = PBXFileReference; lastKnownFileType = sourcecode.swift; path = FindAllMeals.swift; sourceTree = "<group>"; };
		C8BF512F207708A70041794E /* DeleteMeal.swift */ = {isa = PBXFileReference; lastKnownFileType = sourcecode.swift; path = DeleteMeal.swift; sourceTree = "<group>"; };
		C8BF5131207708D20041794E /* BaseAction.swift */ = {isa = PBXFileReference; lastKnownFileType = sourcecode.swift; path = BaseAction.swift; sourceTree = "<group>"; };
		C8BF513320770A690041794E /* UpdateMeal.swift */ = {isa = PBXFileReference; lastKnownFileType = sourcecode.swift; path = UpdateMeal.swift; sourceTree = "<group>"; };
		C8BF513520770B290041794E /* CreateMeal.swift */ = {isa = PBXFileReference; lastKnownFileType = sourcecode.swift; path = CreateMeal.swift; sourceTree = "<group>"; };
		D18EB2A01F8142ED3BA6A200 /* Pods-quecomemosTests.release.xcconfig */ = {isa = PBXFileReference; includeInIndex = 1; lastKnownFileType = text.xcconfig; name = "Pods-quecomemosTests.release.xcconfig"; path = "Pods/Target Support Files/Pods-quecomemosTests/Pods-quecomemosTests.release.xcconfig"; sourceTree = "<group>"; };
/* End PBXFileReference section */

/* Begin PBXFrameworksBuildPhase section */
		C82E37771DB06DF100AF0F6C /* Frameworks */ = {
			isa = PBXFrameworksBuildPhase;
			buildActionMask = 2147483647;
			files = (
				239A30E92BA7652A32962741 /* Pods_quecomemos.framework in Frameworks */,
			);
			runOnlyForDeploymentPostprocessing = 0;
		};
		C82E378B1DB06DF100AF0F6C /* Frameworks */ = {
			isa = PBXFrameworksBuildPhase;
			buildActionMask = 2147483647;
			files = (
				073F7B7E21D42B45318ABD64 /* Pods_quecomemosTests.framework in Frameworks */,
			);
			runOnlyForDeploymentPostprocessing = 0;
		};
/* End PBXFrameworksBuildPhase section */

/* Begin PBXGroup section */
		0807CF80AA660FDAE3D98527 /* Pods */ = {
			isa = PBXGroup;
			children = (
				3CA9F4764F6383009ECB863F /* Pods-quecomemos.debug.xcconfig */,
				8B67AAA5A165D157FF54AF3B /* Pods-quecomemos.release.xcconfig */,
				6B7FAD27524273A9075F119B /* Pods-quecomemosTests.debug.xcconfig */,
				D18EB2A01F8142ED3BA6A200 /* Pods-quecomemosTests.release.xcconfig */,
			);
			name = Pods;
			sourceTree = "<group>";
		};
		3C07BA77BDE94055A573984E /* Frameworks */ = {
			isa = PBXGroup;
			children = (
				81070753539DA1AFC6BCF7E7 /* Pods_quecomemos.framework */,
				A6FC6E24F806CB4A3A9CB581 /* Pods_quecomemosTests.framework */,
			);
			name = Frameworks;
			sourceTree = "<group>";
		};
		C815ED07207AA405005D6830 /* Model */ = {
			isa = PBXGroup;
			children = (
				C815ED09207AA42E005D6830 /* MealModel.swift */,
			);
			path = Model;
			sourceTree = "<group>";
		};
		C815ED08207AA410005D6830 /* Repositories */ = {
			isa = PBXGroup;
			children = (
				C8BF51292076FCA50041794E /* InMemoryMealRepository.swift */,
			);
			path = Repositories;
			sourceTree = "<group>";
		};
		C82E37711DB06DF000AF0F6C = {
			isa = PBXGroup;
			children = (
				C82E377C1DB06DF100AF0F6C /* quecomemos */,
				C82E37911DB06DF100AF0F6C /* quecomemosTests */,
				C82E377B1DB06DF100AF0F6C /* Products */,
				0807CF80AA660FDAE3D98527 /* Pods */,
				3C07BA77BDE94055A573984E /* Frameworks */,
			);
			sourceTree = "<group>";
		};
		C82E377B1DB06DF100AF0F6C /* Products */ = {
			isa = PBXGroup;
			children = (
				C82E377A1DB06DF100AF0F6C /* quecomemos.app */,
				C82E378E1DB06DF100AF0F6C /* quecomemosTests.xctest */,
			);
			name = Products;
			sourceTree = "<group>";
		};
		C82E377C1DB06DF100AF0F6C /* quecomemos */ = {
			isa = PBXGroup;
			children = (
				C8556ABB2076FA4000C35B04 /* Presentation */,
				C8556AB62076F97D00C35B04 /* Actions */,
				C8556AB72076F99300C35B04 /* Domain */,
				C8556AB82076F9A600C35B04 /* Infrastructure */,
				C82E37811DB06DF100AF0F6C /* Main.storyboard */,
				C8789CD51E2F1900000702BE /* Supporting Files */,
			);
			path = quecomemos;
			sourceTree = "<group>";
		};
		C82E37911DB06DF100AF0F6C /* quecomemosTests */ = {
			isa = PBXGroup;
			children = (
				C82E37921DB06DF100AF0F6C /* quecomemosTests.swift */,
				C82E37941DB06DF100AF0F6C /* Info.plist */,
			);
			path = quecomemosTests;
			sourceTree = "<group>";
		};
		C8556AB62076F97D00C35B04 /* Actions */ = {
			isa = PBXGroup;
			children = (
				C8BF5131207708D20041794E /* BaseAction.swift */,
				C8BF512D2077036D0041794E /* FindAllMeals.swift */,
				C8BF512F207708A70041794E /* DeleteMeal.swift */,
				C8BF513320770A690041794E /* UpdateMeal.swift */,
				C8BF513520770B290041794E /* CreateMeal.swift */,
			);
			path = Actions;
			sourceTree = "<group>";
		};
		C8556AB72076F99300C35B04 /* Domain */ = {
			isa = PBXGroup;
			children = (
				C84474EB1DB5CF42001C33FF /* Meal.swift */,
				C8556AB92076F9CF00C35B04 /* MealRepository.swift */,
			);
			path = Domain;
			sourceTree = "<group>";
		};
		C8556AB82076F9A600C35B04 /* Infrastructure */ = {
			isa = PBXGroup;
			children = (
				C815ED08207AA410005D6830 /* Repositories */,
				C815ED07207AA405005D6830 /* Model */,
			);
			path = Infrastructure;
			sourceTree = "<group>";
		};
		C8556ABB2076FA4000C35B04 /* Presentation */ = {
			isa = PBXGroup;
			children = (
				C8BF51262076FB540041794E /* List */,
				C8BF51252076FB440041794E /* ABM */,
				C8BF51242076FB320041794E /* Main */,
				C8BF51272076FBE20041794E /* BaseViewController.swift */,
			);
			name = Presentation;
			sourceTree = "<group>";
		};
		C8789CD51E2F1900000702BE /* Supporting Files */ = {
			isa = PBXGroup;
			children = (
				C8BF512B207702DE0041794E /* GoogleService-Info.plist */,
				C82E377D1DB06DF100AF0F6C /* AppDelegate.swift */,
				C82E37841DB06DF100AF0F6C /* Assets.xcassets */,
				C82E37861DB06DF100AF0F6C /* LaunchScreen.storyboard */,
				C82E37891DB06DF100AF0F6C /* Info.plist */,
			);
			name = "Supporting Files";
			sourceTree = "<group>";
		};
		C8BF51242076FB320041794E /* Main */ = {
			isa = PBXGroup;
			children = (
				C8BBD9201DE297970025D8E1 /* DiceViewController.swift */,
				C833534C1E5E8B2F002EFDC1 /* ModalMealViewController.swift */,
				C815ED0B207AB7C0005D6830 /* DiceViewModel.swift */,
			);
			name = Main;
			sourceTree = "<group>";
		};
		C8BF51252076FB440041794E /* ABM */ = {
			isa = PBXGroup;
			children = (
				C82E377F1DB06DF100AF0F6C /* ABMMealViewController.swift */,
			);
			name = ABM;
			sourceTree = "<group>";
		};
		C8BF51262076FB540041794E /* List */ = {
			isa = PBXGroup;
			children = (
				C80F13881DBF00B400E139D0 /* MealTableViewController.swift */,
			);
			path = List;
			sourceTree = "<group>";
		};
/* End PBXGroup section */

/* Begin PBXNativeTarget section */
		C82E37791DB06DF100AF0F6C /* quecomemos */ = {
			isa = PBXNativeTarget;
			buildConfigurationList = C82E37971DB06DF100AF0F6C /* Build configuration list for PBXNativeTarget "quecomemos" */;
			buildPhases = (
				2158E868F06243291D865C64 /* [CP] Check Pods Manifest.lock */,
				C82E37761DB06DF100AF0F6C /* Sources */,
				C82E37771DB06DF100AF0F6C /* Frameworks */,
				C82E37781DB06DF100AF0F6C /* Resources */,
				076B2EF94730CFD64217BB5D /* [CP] Embed Pods Frameworks */,
				BE38261F4086C4828744F420 /* [CP] Copy Pods Resources */,
			);
			buildRules = (
			);
			dependencies = (
			);
			name = quecomemos;
			productName = quecomemos;
			productReference = C82E377A1DB06DF100AF0F6C /* quecomemos.app */;
			productType = "com.apple.product-type.application";
		};
		C82E378D1DB06DF100AF0F6C /* quecomemosTests */ = {
			isa = PBXNativeTarget;
			buildConfigurationList = C82E379A1DB06DF100AF0F6C /* Build configuration list for PBXNativeTarget "quecomemosTests" */;
			buildPhases = (
				AC5FA95F14B4E720BBF2DA5D /* [CP] Check Pods Manifest.lock */,
				C82E378A1DB06DF100AF0F6C /* Sources */,
				C82E378B1DB06DF100AF0F6C /* Frameworks */,
				C82E378C1DB06DF100AF0F6C /* Resources */,
				85D64D0CF8BF6CCADDD64AB9 /* [CP] Embed Pods Frameworks */,
				C5B94753A6EFA54A56D2EDFA /* [CP] Copy Pods Resources */,
			);
			buildRules = (
			);
			dependencies = (
				C82E37901DB06DF100AF0F6C /* PBXTargetDependency */,
			);
			name = quecomemosTests;
			productName = quecomemosTests;
			productReference = C82E378E1DB06DF100AF0F6C /* quecomemosTests.xctest */;
			productType = "com.apple.product-type.bundle.unit-test";
		};
/* End PBXNativeTarget section */

/* Begin PBXProject section */
		C82E37721DB06DF000AF0F6C /* Project object */ = {
			isa = PBXProject;
			attributes = {
				LastSwiftUpdateCheck = 0800;
				LastUpgradeCheck = 0900;
				ORGANIZATIONNAME = "Emiliano Di Pierro";
				TargetAttributes = {
					C82E37791DB06DF100AF0F6C = {
						CreatedOnToolsVersion = 8.0;
						DevelopmentTeam = 2H692W4L6M;
						ProvisioningStyle = Automatic;
					};
					C82E378D1DB06DF100AF0F6C = {
						CreatedOnToolsVersion = 8.0;
						ProvisioningStyle = Automatic;
						TestTargetID = C82E37791DB06DF100AF0F6C;
					};
				};
			};
			buildConfigurationList = C82E37751DB06DF000AF0F6C /* Build configuration list for PBXProject "quecomemos" */;
			compatibilityVersion = "Xcode 3.2";
			developmentRegion = English;
			hasScannedForEncodings = 0;
			knownRegions = (
				en,
				Base,
			);
			mainGroup = C82E37711DB06DF000AF0F6C;
			productRefGroup = C82E377B1DB06DF100AF0F6C /* Products */;
			projectDirPath = "";
			projectRoot = "";
			targets = (
				C82E37791DB06DF100AF0F6C /* quecomemos */,
				C82E378D1DB06DF100AF0F6C /* quecomemosTests */,
			);
		};
/* End PBXProject section */

/* Begin PBXResourcesBuildPhase section */
		C82E37781DB06DF100AF0F6C /* Resources */ = {
			isa = PBXResourcesBuildPhase;
			buildActionMask = 2147483647;
			files = (
				C82E37881DB06DF100AF0F6C /* LaunchScreen.storyboard in Resources */,
				C8BF512C207702DE0041794E /* GoogleService-Info.plist in Resources */,
				C82E37851DB06DF100AF0F6C /* Assets.xcassets in Resources */,
				C82E37831DB06DF100AF0F6C /* Main.storyboard in Resources */,
			);
			runOnlyForDeploymentPostprocessing = 0;
		};
		C82E378C1DB06DF100AF0F6C /* Resources */ = {
			isa = PBXResourcesBuildPhase;
			buildActionMask = 2147483647;
			files = (
			);
			runOnlyForDeploymentPostprocessing = 0;
		};
/* End PBXResourcesBuildPhase section */

/* Begin PBXShellScriptBuildPhase section */
		076B2EF94730CFD64217BB5D /* [CP] Embed Pods Frameworks */ = {
			isa = PBXShellScriptBuildPhase;
			buildActionMask = 2147483647;
			files = (
			);
			inputPaths = (
			);
			name = "[CP] Embed Pods Frameworks";
			outputPaths = (
			);
			runOnlyForDeploymentPostprocessing = 0;
			shellPath = /bin/sh;
			shellScript = "\"${SRCROOT}/Pods/Target Support Files/Pods-quecomemos/Pods-quecomemos-frameworks.sh\"\n";
			showEnvVarsInLog = 0;
		};
		2158E868F06243291D865C64 /* [CP] Check Pods Manifest.lock */ = {
			isa = PBXShellScriptBuildPhase;
			buildActionMask = 2147483647;
			files = (
			);
			inputPaths = (
			);
			name = "[CP] Check Pods Manifest.lock";
			outputPaths = (
			);
			runOnlyForDeploymentPostprocessing = 0;
			shellPath = /bin/sh;
			shellScript = "diff \"${PODS_PODFILE_DIR_PATH}/Podfile.lock\" \"${PODS_ROOT}/Manifest.lock\" > /dev/null\nif [ $? != 0 ] ; then\n    # print error to STDERR\n    echo \"error: The sandbox is not in sync with the Podfile.lock. Run 'pod install' or update your CocoaPods installation.\" >&2\n    exit 1\nfi\n";
			showEnvVarsInLog = 0;
		};
		85D64D0CF8BF6CCADDD64AB9 /* [CP] Embed Pods Frameworks */ = {
			isa = PBXShellScriptBuildPhase;
			buildActionMask = 2147483647;
			files = (
			);
			inputPaths = (
			);
			name = "[CP] Embed Pods Frameworks";
			outputPaths = (
			);
			runOnlyForDeploymentPostprocessing = 0;
			shellPath = /bin/sh;
			shellScript = "\"${SRCROOT}/Pods/Target Support Files/Pods-quecomemosTests/Pods-quecomemosTests-frameworks.sh\"\n";
			showEnvVarsInLog = 0;
		};
		AC5FA95F14B4E720BBF2DA5D /* [CP] Check Pods Manifest.lock */ = {
			isa = PBXShellScriptBuildPhase;
			buildActionMask = 2147483647;
			files = (
			);
			inputPaths = (
			);
			name = "[CP] Check Pods Manifest.lock";
			outputPaths = (
			);
			runOnlyForDeploymentPostprocessing = 0;
			shellPath = /bin/sh;
			shellScript = "diff \"${PODS_PODFILE_DIR_PATH}/Podfile.lock\" \"${PODS_ROOT}/Manifest.lock\" > /dev/null\nif [ $? != 0 ] ; then\n    # print error to STDERR\n    echo \"error: The sandbox is not in sync with the Podfile.lock. Run 'pod install' or update your CocoaPods installation.\" >&2\n    exit 1\nfi\n";
			showEnvVarsInLog = 0;
		};
		BE38261F4086C4828744F420 /* [CP] Copy Pods Resources */ = {
			isa = PBXShellScriptBuildPhase;
			buildActionMask = 2147483647;
			files = (
			);
			inputPaths = (
			);
			name = "[CP] Copy Pods Resources";
			outputPaths = (
			);
			runOnlyForDeploymentPostprocessing = 0;
			shellPath = /bin/sh;
			shellScript = "\"${SRCROOT}/Pods/Target Support Files/Pods-quecomemos/Pods-quecomemos-resources.sh\"\n";
			showEnvVarsInLog = 0;
		};
		C5B94753A6EFA54A56D2EDFA /* [CP] Copy Pods Resources */ = {
			isa = PBXShellScriptBuildPhase;
			buildActionMask = 2147483647;
			files = (
			);
			inputPaths = (
			);
			name = "[CP] Copy Pods Resources";
			outputPaths = (
			);
			runOnlyForDeploymentPostprocessing = 0;
			shellPath = /bin/sh;
			shellScript = "\"${SRCROOT}/Pods/Target Support Files/Pods-quecomemosTests/Pods-quecomemosTests-resources.sh\"\n";
			showEnvVarsInLog = 0;
		};
/* End PBXShellScriptBuildPhase section */

/* Begin PBXSourcesBuildPhase section */
		C82E37761DB06DF100AF0F6C /* Sources */ = {
			isa = PBXSourcesBuildPhase;
			buildActionMask = 2147483647;
			files = (
				C84474EC1DB5CF42001C33FF /* Meal.swift in Sources */,
				C8BF513420770A690041794E /* UpdateMeal.swift in Sources */,
				C815ED0A207AA42E005D6830 /* MealModel.swift in Sources */,
				C82E37801DB06DF100AF0F6C /* ABMMealViewController.swift in Sources */,
				C80F13891DBF00B400E139D0 /* MealTableViewController.swift in Sources */,
				C8BF513620770B290041794E /* CreateMeal.swift in Sources */,
				C833534D1E5E8B2F002EFDC1 /* ModalMealViewController.swift in Sources */,
				C8BF5132207708D20041794E /* BaseAction.swift in Sources */,
				C8BF5130207708A70041794E /* DeleteMeal.swift in Sources */,
				C8BBD9211DE297970025D8E1 /* DiceViewController.swift in Sources */,
				C8BF51282076FBE20041794E /* BaseViewController.swift in Sources */,
				C8BF512E2077036D0041794E /* FindAllMeals.swift in Sources */,
				C8556ABA2076F9CF00C35B04 /* MealRepository.swift in Sources */,
				C82E377E1DB06DF100AF0F6C /* AppDelegate.swift in Sources */,
				C8BF512A2076FCA50041794E /* InMemoryMealRepository.swift in Sources */,
				C815ED0C207AB7C0005D6830 /* DiceViewModel.swift in Sources */,
			);
			runOnlyForDeploymentPostprocessing = 0;
		};
		C82E378A1DB06DF100AF0F6C /* Sources */ = {
			isa = PBXSourcesBuildPhase;
			buildActionMask = 2147483647;
			files = (
				C82E37931DB06DF100AF0F6C /* quecomemosTests.swift in Sources */,
			);
			runOnlyForDeploymentPostprocessing = 0;
		};
/* End PBXSourcesBuildPhase section */

/* Begin PBXTargetDependency section */
		C82E37901DB06DF100AF0F6C /* PBXTargetDependency */ = {
			isa = PBXTargetDependency;
			target = C82E37791DB06DF100AF0F6C /* quecomemos */;
			targetProxy = C82E378F1DB06DF100AF0F6C /* PBXContainerItemProxy */;
		};
/* End PBXTargetDependency section */

/* Begin PBXVariantGroup section */
		C82E37811DB06DF100AF0F6C /* Main.storyboard */ = {
			isa = PBXVariantGroup;
			children = (
				C82E37821DB06DF100AF0F6C /* Base */,
			);
			name = Main.storyboard;
			sourceTree = "<group>";
		};
		C82E37861DB06DF100AF0F6C /* LaunchScreen.storyboard */ = {
			isa = PBXVariantGroup;
			children = (
				C82E37871DB06DF100AF0F6C /* Base */,
			);
			name = LaunchScreen.storyboard;
			sourceTree = "<group>";
		};
/* End PBXVariantGroup section */

/* Begin XCBuildConfiguration section */
		C82E37951DB06DF100AF0F6C /* Debug */ = {
			isa = XCBuildConfiguration;
			buildSettings = {
				ALWAYS_SEARCH_USER_PATHS = NO;
				CLANG_ANALYZER_NONNULL = YES;
				CLANG_CXX_LANGUAGE_STANDARD = "gnu++0x";
				CLANG_CXX_LIBRARY = "libc++";
				CLANG_ENABLE_MODULES = YES;
				CLANG_ENABLE_OBJC_ARC = YES;
				CLANG_WARN_BLOCK_CAPTURE_AUTORELEASING = YES;
				CLANG_WARN_BOOL_CONVERSION = YES;
				CLANG_WARN_COMMA = YES;
				CLANG_WARN_CONSTANT_CONVERSION = YES;
				CLANG_WARN_DIRECT_OBJC_ISA_USAGE = YES_ERROR;
				CLANG_WARN_DOCUMENTATION_COMMENTS = YES;
				CLANG_WARN_EMPTY_BODY = YES;
				CLANG_WARN_ENUM_CONVERSION = YES;
				CLANG_WARN_INFINITE_RECURSION = YES;
				CLANG_WARN_INT_CONVERSION = YES;
				CLANG_WARN_NON_LITERAL_NULL_CONVERSION = YES;
				CLANG_WARN_OBJC_LITERAL_CONVERSION = YES;
				CLANG_WARN_OBJC_ROOT_CLASS = YES_ERROR;
				CLANG_WARN_RANGE_LOOP_ANALYSIS = YES;
				CLANG_WARN_STRICT_PROTOTYPES = YES;
				CLANG_WARN_SUSPICIOUS_MOVE = YES;
				CLANG_WARN_SUSPICIOUS_MOVES = YES;
				CLANG_WARN_UNREACHABLE_CODE = YES;
				CLANG_WARN__DUPLICATE_METHOD_MATCH = YES;
				"CODE_SIGN_IDENTITY[sdk=iphoneos*]" = "iPhone Developer";
				COPY_PHASE_STRIP = NO;
				DEBUG_INFORMATION_FORMAT = dwarf;
				ENABLE_STRICT_OBJC_MSGSEND = YES;
				ENABLE_TESTABILITY = YES;
				GCC_C_LANGUAGE_STANDARD = gnu99;
				GCC_DYNAMIC_NO_PIC = NO;
				GCC_NO_COMMON_BLOCKS = YES;
				GCC_OPTIMIZATION_LEVEL = 0;
				GCC_PREPROCESSOR_DEFINITIONS = (
					"DEBUG=1",
					"$(inherited)",
				);
				GCC_WARN_64_TO_32_BIT_CONVERSION = YES;
				GCC_WARN_ABOUT_RETURN_TYPE = YES_ERROR;
				GCC_WARN_UNDECLARED_SELECTOR = YES;
				GCC_WARN_UNINITIALIZED_AUTOS = YES_AGGRESSIVE;
				GCC_WARN_UNUSED_FUNCTION = YES;
				GCC_WARN_UNUSED_VARIABLE = YES;
				IPHONEOS_DEPLOYMENT_TARGET = 10.0;
				MTL_ENABLE_DEBUG_INFO = YES;
				ONLY_ACTIVE_ARCH = YES;
				SDKROOT = iphoneos;
				SWIFT_ACTIVE_COMPILATION_CONDITIONS = DEBUG;
				SWIFT_OPTIMIZATION_LEVEL = "-Onone";
				TARGETED_DEVICE_FAMILY = "1,2";
			};
			name = Debug;
		};
		C82E37961DB06DF100AF0F6C /* Release */ = {
			isa = XCBuildConfiguration;
			buildSettings = {
				ALWAYS_SEARCH_USER_PATHS = NO;
				CLANG_ANALYZER_NONNULL = YES;
				CLANG_CXX_LANGUAGE_STANDARD = "gnu++0x";
				CLANG_CXX_LIBRARY = "libc++";
				CLANG_ENABLE_MODULES = YES;
				CLANG_ENABLE_OBJC_ARC = YES;
				CLANG_WARN_BLOCK_CAPTURE_AUTORELEASING = YES;
				CLANG_WARN_BOOL_CONVERSION = YES;
				CLANG_WARN_COMMA = YES;
				CLANG_WARN_CONSTANT_CONVERSION = YES;
				CLANG_WARN_DIRECT_OBJC_ISA_USAGE = YES_ERROR;
				CLANG_WARN_DOCUMENTATION_COMMENTS = YES;
				CLANG_WARN_EMPTY_BODY = YES;
				CLANG_WARN_ENUM_CONVERSION = YES;
				CLANG_WARN_INFINITE_RECURSION = YES;
				CLANG_WARN_INT_CONVERSION = YES;
				CLANG_WARN_NON_LITERAL_NULL_CONVERSION = YES;
				CLANG_WARN_OBJC_LITERAL_CONVERSION = YES;
				CLANG_WARN_OBJC_ROOT_CLASS = YES_ERROR;
				CLANG_WARN_RANGE_LOOP_ANALYSIS = YES;
				CLANG_WARN_STRICT_PROTOTYPES = YES;
				CLANG_WARN_SUSPICIOUS_MOVE = YES;
				CLANG_WARN_SUSPICIOUS_MOVES = YES;
				CLANG_WARN_UNREACHABLE_CODE = YES;
				CLANG_WARN__DUPLICATE_METHOD_MATCH = YES;
				"CODE_SIGN_IDENTITY[sdk=iphoneos*]" = "iPhone Developer";
				COPY_PHASE_STRIP = NO;
				DEBUG_INFORMATION_FORMAT = "dwarf-with-dsym";
				ENABLE_NS_ASSERTIONS = NO;
				ENABLE_STRICT_OBJC_MSGSEND = YES;
				GCC_C_LANGUAGE_STANDARD = gnu99;
				GCC_NO_COMMON_BLOCKS = YES;
				GCC_WARN_64_TO_32_BIT_CONVERSION = YES;
				GCC_WARN_ABOUT_RETURN_TYPE = YES_ERROR;
				GCC_WARN_UNDECLARED_SELECTOR = YES;
				GCC_WARN_UNINITIALIZED_AUTOS = YES_AGGRESSIVE;
				GCC_WARN_UNUSED_FUNCTION = YES;
				GCC_WARN_UNUSED_VARIABLE = YES;
				IPHONEOS_DEPLOYMENT_TARGET = 10.0;
				MTL_ENABLE_DEBUG_INFO = NO;
				SDKROOT = iphoneos;
				SWIFT_OPTIMIZATION_LEVEL = "-Owholemodule";
				TARGETED_DEVICE_FAMILY = "1,2";
				VALIDATE_PRODUCT = YES;
			};
			name = Release;
		};
		C82E37981DB06DF100AF0F6C /* Debug */ = {
			isa = XCBuildConfiguration;
			baseConfigurationReference = 3CA9F4764F6383009ECB863F /* Pods-quecomemos.debug.xcconfig */;
			buildSettings = {
				ASSETCATALOG_COMPILER_APPICON_NAME = AppIcon;
				ASSETCATALOG_COMPILER_LAUNCHIMAGE_NAME = "LaunchImage-2";
				DEVELOPMENT_TEAM = 2H692W4L6M;
				INFOPLIST_FILE = quecomemos/Info.plist;
				IPHONEOS_DEPLOYMENT_TARGET = 11.0;
				LD_RUNPATH_SEARCH_PATHS = "$(inherited) @executable_path/Frameworks";
				PRODUCT_BUNDLE_IDENTIFIER = com.turkissh.quecomemos;
				PRODUCT_NAME = "$(TARGET_NAME)";
				SWIFT_VERSION = 3.0;
				TARGETED_DEVICE_FAMILY = 1;
			};
			name = Debug;
		};
		C82E37991DB06DF100AF0F6C /* Release */ = {
			isa = XCBuildConfiguration;
			baseConfigurationReference = 8B67AAA5A165D157FF54AF3B /* Pods-quecomemos.release.xcconfig */;
			buildSettings = {
				ASSETCATALOG_COMPILER_APPICON_NAME = AppIcon;
				ASSETCATALOG_COMPILER_LAUNCHIMAGE_NAME = "LaunchImage-2";
				DEVELOPMENT_TEAM = 2H692W4L6M;
				INFOPLIST_FILE = quecomemos/Info.plist;
				IPHONEOS_DEPLOYMENT_TARGET = 11.0;
				LD_RUNPATH_SEARCH_PATHS = "$(inherited) @executable_path/Frameworks";
				PRODUCT_BUNDLE_IDENTIFIER = com.turkissh.quecomemos;
				PRODUCT_NAME = "$(TARGET_NAME)";
				SWIFT_VERSION = 3.0;
				TARGETED_DEVICE_FAMILY = 1;
			};
			name = Release;
		};
		C82E379B1DB06DF100AF0F6C /* Debug */ = {
			isa = XCBuildConfiguration;
			baseConfigurationReference = 6B7FAD27524273A9075F119B /* Pods-quecomemosTests.debug.xcconfig */;
			buildSettings = {
				ALWAYS_EMBED_SWIFT_STANDARD_LIBRARIES = YES;
				BUNDLE_LOADER = "$(TEST_HOST)";
				INFOPLIST_FILE = quecomemosTests/Info.plist;
				LD_RUNPATH_SEARCH_PATHS = "$(inherited) @executable_path/Frameworks @loader_path/Frameworks";
				PRODUCT_BUNDLE_IDENTIFIER = com.turkissh.quecomemosTests;
				PRODUCT_NAME = "$(TARGET_NAME)";
				SWIFT_VERSION = 3.0;
				TEST_HOST = "$(BUILT_PRODUCTS_DIR)/quecomemos.app/quecomemos";
			};
			name = Debug;
		};
		C82E379C1DB06DF100AF0F6C /* Release */ = {
			isa = XCBuildConfiguration;
			baseConfigurationReference = D18EB2A01F8142ED3BA6A200 /* Pods-quecomemosTests.release.xcconfig */;
			buildSettings = {
				ALWAYS_EMBED_SWIFT_STANDARD_LIBRARIES = YES;
				BUNDLE_LOADER = "$(TEST_HOST)";
				INFOPLIST_FILE = quecomemosTests/Info.plist;
				LD_RUNPATH_SEARCH_PATHS = "$(inherited) @executable_path/Frameworks @loader_path/Frameworks";
				PRODUCT_BUNDLE_IDENTIFIER = com.turkissh.quecomemosTests;
				PRODUCT_NAME = "$(TARGET_NAME)";
				SWIFT_VERSION = 3.0;
				TEST_HOST = "$(BUILT_PRODUCTS_DIR)/quecomemos.app/quecomemos";
			};
			name = Release;
		};
/* End XCBuildConfiguration section */

/* Begin XCConfigurationList section */
		C82E37751DB06DF000AF0F6C /* Build configuration list for PBXProject "quecomemos" */ = {
			isa = XCConfigurationList;
			buildConfigurations = (
				C82E37951DB06DF100AF0F6C /* Debug */,
				C82E37961DB06DF100AF0F6C /* Release */,
			);
			defaultConfigurationIsVisible = 0;
			defaultConfigurationName = Release;
		};
		C82E37971DB06DF100AF0F6C /* Build configuration list for PBXNativeTarget "quecomemos" */ = {
			isa = XCConfigurationList;
			buildConfigurations = (
				C82E37981DB06DF100AF0F6C /* Debug */,
				C82E37991DB06DF100AF0F6C /* Release */,
			);
			defaultConfigurationIsVisible = 0;
			defaultConfigurationName = Release;
		};
		C82E379A1DB06DF100AF0F6C /* Build configuration list for PBXNativeTarget "quecomemosTests" */ = {
			isa = XCConfigurationList;
			buildConfigurations = (
				C82E379B1DB06DF100AF0F6C /* Debug */,
				C82E379C1DB06DF100AF0F6C /* Release */,
			);
			defaultConfigurationIsVisible = 0;
			defaultConfigurationName = Release;
		};
/* End XCConfigurationList section */
	};
	rootObject = C82E37721DB06DF000AF0F6C /* Project object */;
}
